// !$*UTF8*$!
{
	archiveVersion = 1;
	classes = {
	};
	objectVersion = 56;
	objects = {

/* Begin PBXBuildFile section */
		311E06D72AFB35C000EB5FB9 /* AppDelegate.swift in Sources */ = {isa = PBXBuildFile; fileRef = 311E06D62AFB35C000EB5FB9 /* AppDelegate.swift */; };
		311E06D92AFB35C000EB5FB9 /* SceneDelegate.swift in Sources */ = {isa = PBXBuildFile; fileRef = 311E06D82AFB35C000EB5FB9 /* SceneDelegate.swift */; };
		311E06DB2AFB35C000EB5FB9 /* ViewController.swift in Sources */ = {isa = PBXBuildFile; fileRef = 311E06DA2AFB35C000EB5FB9 /* ViewController.swift */; };
		311E06DE2AFB35C000EB5FB9 /* Main.storyboard in Resources */ = {isa = PBXBuildFile; fileRef = 311E06DC2AFB35C000EB5FB9 /* Main.storyboard */; };
		311E06E02AFB35C100EB5FB9 /* Assets.xcassets in Resources */ = {isa = PBXBuildFile; fileRef = 311E06DF2AFB35C100EB5FB9 /* Assets.xcassets */; };
		311E06E32AFB35C100EB5FB9 /* LaunchScreen.storyboard in Resources */ = {isa = PBXBuildFile; fileRef = 311E06E12AFB35C100EB5FB9 /* LaunchScreen.storyboard */; };
		311E06EE2AFB35C200EB5FB9 /* Walking_fasterTests.swift in Sources */ = {isa = PBXBuildFile; fileRef = 311E06ED2AFB35C200EB5FB9 /* Walking_fasterTests.swift */; };
		311E06F82AFB35C200EB5FB9 /* Walking_fasterUITests.swift in Sources */ = {isa = PBXBuildFile; fileRef = 311E06F72AFB35C200EB5FB9 /* Walking_fasterUITests.swift */; };
		311E06FA2AFB35C200EB5FB9 /* Walking_fasterUITestsLaunchTests.swift in Sources */ = {isa = PBXBuildFile; fileRef = 311E06F92AFB35C200EB5FB9 /* Walking_fasterUITestsLaunchTests.swift */; };
/* End PBXBuildFile section */

/* Begin PBXContainerItemProxy section */
		311E06EA2AFB35C200EB5FB9 /* PBXContainerItemProxy */ = {
			isa = PBXContainerItemProxy;
			containerPortal = 311E06CB2AFB35BF00EB5FB9 /* Project object */;
			proxyType = 1;
			remoteGlobalIDString = 311E06D22AFB35C000EB5FB9;
			remoteInfo = "Walking-faster";
		};
		311E06F42AFB35C200EB5FB9 /* PBXContainerItemProxy */ = {
			isa = PBXContainerItemProxy;
			containerPortal = 311E06CB2AFB35BF00EB5FB9 /* Project object */;
			proxyType = 1;
			remoteGlobalIDString = 311E06D22AFB35C000EB5FB9;
			remoteInfo = "Walking-faster";
		};
/* End PBXContainerItemProxy section */

/* Begin PBXFileReference section */
		311E06D32AFB35C000EB5FB9 /* Walking-faster.app */ = {isa = PBXFileReference; explicitFileType = wrapper.application; includeInIndex = 0; path = "Walking-faster.app"; sourceTree = BUILT_PRODUCTS_DIR; };
		311E06D62AFB35C000EB5FB9 /* AppDelegate.swift */ = {isa = PBXFileReference; lastKnownFileType = sourcecode.swift; path = AppDelegate.swift; sourceTree = "<group>"; };
		311E06D82AFB35C000EB5FB9 /* SceneDelegate.swift */ = {isa = PBXFileReference; lastKnownFileType = sourcecode.swift; path = SceneDelegate.swift; sourceTree = "<group>"; };
		311E06DA2AFB35C000EB5FB9 /* ViewController.swift */ = {isa = PBXFileReference; lastKnownFileType = sourcecode.swift; path = ViewController.swift; sourceTree = "<group>"; };
		311E06DD2AFB35C000EB5FB9 /* Base */ = {isa = PBXFileReference; lastKnownFileType = file.storyboard; name = Base; path = Base.lproj/Main.storyboard; sourceTree = "<group>"; };
		311E06DF2AFB35C100EB5FB9 /* Assets.xcassets */ = {isa = PBXFileReference; lastKnownFileType = folder.assetcatalog; path = Assets.xcassets; sourceTree = "<group>"; };
		311E06E22AFB35C100EB5FB9 /* Base */ = {isa = PBXFileReference; lastKnownFileType = file.storyboard; name = Base; path = Base.lproj/LaunchScreen.storyboard; sourceTree = "<group>"; };
		311E06E42AFB35C100EB5FB9 /* Info.plist */ = {isa = PBXFileReference; lastKnownFileType = text.plist.xml; path = Info.plist; sourceTree = "<group>"; };
		311E06E92AFB35C200EB5FB9 /* Walking-fasterTests.xctest */ = {isa = PBXFileReference; explicitFileType = wrapper.cfbundle; includeInIndex = 0; path = "Walking-fasterTests.xctest"; sourceTree = BUILT_PRODUCTS_DIR; };
		311E06ED2AFB35C200EB5FB9 /* Walking_fasterTests.swift */ = {isa = PBXFileReference; lastKnownFileType = sourcecode.swift; path = Walking_fasterTests.swift; sourceTree = "<group>"; };
		311E06F32AFB35C200EB5FB9 /* Walking-fasterUITests.xctest */ = {isa = PBXFileReference; explicitFileType = wrapper.cfbundle; includeInIndex = 0; path = "Walking-fasterUITests.xctest"; sourceTree = BUILT_PRODUCTS_DIR; };
		311E06F72AFB35C200EB5FB9 /* Walking_fasterUITests.swift */ = {isa = PBXFileReference; lastKnownFileType = sourcecode.swift; path = Walking_fasterUITests.swift; sourceTree = "<group>"; };
		311E06F92AFB35C200EB5FB9 /* Walking_fasterUITestsLaunchTests.swift */ = {isa = PBXFileReference; lastKnownFileType = sourcecode.swift; path = Walking_fasterUITestsLaunchTests.swift; sourceTree = "<group>"; };
/* End PBXFileReference section */

/* Begin PBXFrameworksBuildPhase section */
		311E06D02AFB35C000EB5FB9 /* Frameworks */ = {
			isa = PBXFrameworksBuildPhase;
			buildActionMask = 2147483647;
			files = (
			);
			runOnlyForDeploymentPostprocessing = 0;
		};
		311E06E62AFB35C200EB5FB9 /* Frameworks */ = {
			isa = PBXFrameworksBuildPhase;
			buildActionMask = 2147483647;
			files = (
			);
			runOnlyForDeploymentPostprocessing = 0;
		};
		311E06F02AFB35C200EB5FB9 /* Frameworks */ = {
			isa = PBXFrameworksBuildPhase;
			buildActionMask = 2147483647;
			files = (
			);
			runOnlyForDeploymentPostprocessing = 0;
		};
/* End PBXFrameworksBuildPhase section */

/* Begin PBXGroup section */
		311E06CA2AFB35BF00EB5FB9 = {
			isa = PBXGroup;
			children = (
				311E06D52AFB35C000EB5FB9 /* Walking-faster */,
				311E06EC2AFB35C200EB5FB9 /* Walking-fasterTests */,
				311E06F62AFB35C200EB5FB9 /* Walking-fasterUITests */,
				311E06D42AFB35C000EB5FB9 /* Products */,
			);
			sourceTree = "<group>";
		};
		311E06D42AFB35C000EB5FB9 /* Products */ = {
			isa = PBXGroup;
			children = (
				311E06D32AFB35C000EB5FB9 /* Walking-faster.app */,
				311E06E92AFB35C200EB5FB9 /* Walking-fasterTests.xctest */,
				311E06F32AFB35C200EB5FB9 /* Walking-fasterUITests.xctest */,
			);
			name = Products;
			sourceTree = "<group>";
		};
		311E06D52AFB35C000EB5FB9 /* Walking-faster */ = {
			isa = PBXGroup;
			children = (
				311E06D62AFB35C000EB5FB9 /* AppDelegate.swift */,
				311E06D82AFB35C000EB5FB9 /* SceneDelegate.swift */,
				311E06DA2AFB35C000EB5FB9 /* ViewController.swift */,
				311E06DC2AFB35C000EB5FB9 /* Main.storyboard */,
				311E06DF2AFB35C100EB5FB9 /* Assets.xcassets */,
				311E06E12AFB35C100EB5FB9 /* LaunchScreen.storyboard */,
				311E06E42AFB35C100EB5FB9 /* Info.plist */,
			);
			path = "Walking-faster";
			sourceTree = "<group>";
		};
		311E06EC2AFB35C200EB5FB9 /* Walking-fasterTests */ = {
			isa = PBXGroup;
			children = (
				311E06ED2AFB35C200EB5FB9 /* Walking_fasterTests.swift */,
			);
			path = "Walking-fasterTests";
			sourceTree = "<group>";
		};
		311E06F62AFB35C200EB5FB9 /* Walking-fasterUITests */ = {
			isa = PBXGroup;
			children = (
				311E06F72AFB35C200EB5FB9 /* Walking_fasterUITests.swift */,
				311E06F92AFB35C200EB5FB9 /* Walking_fasterUITestsLaunchTests.swift */,
			);
			path = "Walking-fasterUITests";
			sourceTree = "<group>";
		};
/* End PBXGroup section */

/* Begin PBXNativeTarget section */
		311E06D22AFB35C000EB5FB9 /* Walking-faster */ = {
			isa = PBXNativeTarget;
			buildConfigurationList = 311E06FD2AFB35C200EB5FB9 /* Build configuration list for PBXNativeTarget "Walking-faster" */;
			buildPhases = (
				311E06CF2AFB35C000EB5FB9 /* Sources */,
				311E06D02AFB35C000EB5FB9 /* Frameworks */,
				311E06D12AFB35C000EB5FB9 /* Resources */,
			);
			buildRules = (
			);
			dependencies = (
			);
			name = "Walking-faster";
			productName = "Walking-faster";
			productReference = 311E06D32AFB35C000EB5FB9 /* Walking-faster.app */;
			productType = "com.apple.product-type.application";
		};
		311E06E82AFB35C200EB5FB9 /* Walking-fasterTests */ = {
			isa = PBXNativeTarget;
			buildConfigurationList = 311E07002AFB35C200EB5FB9 /* Build configuration list for PBXNativeTarget "Walking-fasterTests" */;
			buildPhases = (
				311E06E52AFB35C200EB5FB9 /* Sources */,
				311E06E62AFB35C200EB5FB9 /* Frameworks */,
				311E06E72AFB35C200EB5FB9 /* Resources */,
			);
			buildRules = (
			);
			dependencies = (
				311E06EB2AFB35C200EB5FB9 /* PBXTargetDependency */,
			);
			name = "Walking-fasterTests";
			productName = "Walking-fasterTests";
			productReference = 311E06E92AFB35C200EB5FB9 /* Walking-fasterTests.xctest */;
			productType = "com.apple.product-type.bundle.unit-test";
		};
		311E06F22AFB35C200EB5FB9 /* Walking-fasterUITests */ = {
			isa = PBXNativeTarget;
			buildConfigurationList = 311E07032AFB35C200EB5FB9 /* Build configuration list for PBXNativeTarget "Walking-fasterUITests" */;
			buildPhases = (
				311E06EF2AFB35C200EB5FB9 /* Sources */,
				311E06F02AFB35C200EB5FB9 /* Frameworks */,
				311E06F12AFB35C200EB5FB9 /* Resources */,
			);
			buildRules = (
			);
			dependencies = (
				311E06F52AFB35C200EB5FB9 /* PBXTargetDependency */,
			);
			name = "Walking-fasterUITests";
			productName = "Walking-fasterUITests";
			productReference = 311E06F32AFB35C200EB5FB9 /* Walking-fasterUITests.xctest */;
			productType = "com.apple.product-type.bundle.ui-testing";
		};
/* End PBXNativeTarget section */

/* Begin PBXProject section */
		311E06CB2AFB35BF00EB5FB9 /* Project object */ = {
			isa = PBXProject;
			attributes = {
				BuildIndependentTargetsInParallel = 1;
				LastSwiftUpdateCheck = 1500;
				LastUpgradeCheck = 1500;
				TargetAttributes = {
					311E06D22AFB35C000EB5FB9 = {
						CreatedOnToolsVersion = 15.0.1;
					};
					311E06E82AFB35C200EB5FB9 = {
						CreatedOnToolsVersion = 15.0.1;
						TestTargetID = 311E06D22AFB35C000EB5FB9;
					};
					311E06F22AFB35C200EB5FB9 = {
						CreatedOnToolsVersion = 15.0.1;
						TestTargetID = 311E06D22AFB35C000EB5FB9;
					};
				};
			};
			buildConfigurationList = 311E06CE2AFB35BF00EB5FB9 /* Build configuration list for PBXProject "Walking-faster" */;
			compatibilityVersion = "Xcode 14.0";
			developmentRegion = en;
			hasScannedForEncodings = 0;
			knownRegions = (
				en,
				Base,
			);
			mainGroup = 311E06CA2AFB35BF00EB5FB9;
			productRefGroup = 311E06D42AFB35C000EB5FB9 /* Products */;
			projectDirPath = "";
			projectRoot = "";
			targets = (
				311E06D22AFB35C000EB5FB9 /* Walking-faster */,
				311E06E82AFB35C200EB5FB9 /* Walking-fasterTests */,
				311E06F22AFB35C200EB5FB9 /* Walking-fasterUITests */,
			);
		};
/* End PBXProject section */

/* Begin PBXResourcesBuildPhase section */
		311E06D12AFB35C000EB5FB9 /* Resources */ = {
			isa = PBXResourcesBuildPhase;
			buildActionMask = 2147483647;
			files = (
				311E06E32AFB35C100EB5FB9 /* LaunchScreen.storyboard in Resources */,
				311E06E02AFB35C100EB5FB9 /* Assets.xcassets in Resources */,
				311E06DE2AFB35C000EB5FB9 /* Main.storyboard in Resources */,
			);
			runOnlyForDeploymentPostprocessing = 0;
		};
		311E06E72AFB35C200EB5FB9 /* Resources */ = {
			isa = PBXResourcesBuildPhase;
			buildActionMask = 2147483647;
			files = (
			);
			runOnlyForDeploymentPostprocessing = 0;
		};
		311E06F12AFB35C200EB5FB9 /* Resources */ = {
			isa = PBXResourcesBuildPhase;
			buildActionMask = 2147483647;
			files = (
			);
			runOnlyForDeploymentPostprocessing = 0;
		};
/* End PBXResourcesBuildPhase section */

/* Begin PBXSourcesBuildPhase section */
		311E06CF2AFB35C000EB5FB9 /* Sources */ = {
			isa = PBXSourcesBuildPhase;
			buildActionMask = 2147483647;
			files = (
				311E06DB2AFB35C000EB5FB9 /* ViewController.swift in Sources */,
				311E06D72AFB35C000EB5FB9 /* AppDelegate.swift in Sources */,
				311E06D92AFB35C000EB5FB9 /* SceneDelegate.swift in Sources */,
			);
			runOnlyForDeploymentPostprocessing = 0;
		};
		311E06E52AFB35C200EB5FB9 /* Sources */ = {
			isa = PBXSourcesBuildPhase;
			buildActionMask = 2147483647;
			files = (
				311E06EE2AFB35C200EB5FB9 /* Walking_fasterTests.swift in Sources */,
			);
			runOnlyForDeploymentPostprocessing = 0;
		};
		311E06EF2AFB35C200EB5FB9 /* Sources */ = {
			isa = PBXSourcesBuildPhase;
			buildActionMask = 2147483647;
			files = (
				311E06F82AFB35C200EB5FB9 /* Walking_fasterUITests.swift in Sources */,
				311E06FA2AFB35C200EB5FB9 /* Walking_fasterUITestsLaunchTests.swift in Sources */,
			);
			runOnlyForDeploymentPostprocessing = 0;
		};
/* End PBXSourcesBuildPhase section */

/* Begin PBXTargetDependency section */
		311E06EB2AFB35C200EB5FB9 /* PBXTargetDependency */ = {
			isa = PBXTargetDependency;
			target = 311E06D22AFB35C000EB5FB9 /* Walking-faster */;
			targetProxy = 311E06EA2AFB35C200EB5FB9 /* PBXContainerItemProxy */;
		};
		311E06F52AFB35C200EB5FB9 /* PBXTargetDependency */ = {
			isa = PBXTargetDependency;
			target = 311E06D22AFB35C000EB5FB9 /* Walking-faster */;
			targetProxy = 311E06F42AFB35C200EB5FB9 /* PBXContainerItemProxy */;
		};
/* End PBXTargetDependency section */

/* Begin PBXVariantGroup section */
		311E06DC2AFB35C000EB5FB9 /* Main.storyboard */ = {
			isa = PBXVariantGroup;
			children = (
				311E06DD2AFB35C000EB5FB9 /* Base */,
			);
			name = Main.storyboard;
			sourceTree = "<group>";
		};
		311E06E12AFB35C100EB5FB9 /* LaunchScreen.storyboard */ = {
			isa = PBXVariantGroup;
			children = (
				311E06E22AFB35C100EB5FB9 /* Base */,
			);
			name = LaunchScreen.storyboard;
			sourceTree = "<group>";
		};
/* End PBXVariantGroup section */

/* Begin XCBuildConfiguration section */
		311E06FB2AFB35C200EB5FB9 /* Debug */ = {
			isa = XCBuildConfiguration;
			buildSettings = {
				ALWAYS_SEARCH_USER_PATHS = NO;
				ASSETCATALOG_COMPILER_GENERATE_SWIFT_ASSET_SYMBOL_EXTENSIONS = YES;
				CLANG_ANALYZER_NONNULL = YES;
				CLANG_ANALYZER_NUMBER_OBJECT_CONVERSION = YES_AGGRESSIVE;
				CLANG_CXX_LANGUAGE_STANDARD = "gnu++20";
				CLANG_ENABLE_MODULES = YES;
				CLANG_ENABLE_OBJC_ARC = YES;
				CLANG_ENABLE_OBJC_WEAK = YES;
				CLANG_WARN_BLOCK_CAPTURE_AUTORELEASING = YES;
				CLANG_WARN_BOOL_CONVERSION = YES;
				CLANG_WARN_COMMA = YES;
				CLANG_WARN_CONSTANT_CONVERSION = YES;
				CLANG_WARN_DEPRECATED_OBJC_IMPLEMENTATIONS = YES;
				CLANG_WARN_DIRECT_OBJC_ISA_USAGE = YES_ERROR;
				CLANG_WARN_DOCUMENTATION_COMMENTS = YES;
				CLANG_WARN_EMPTY_BODY = YES;
				CLANG_WARN_ENUM_CONVERSION = YES;
				CLANG_WARN_INFINITE_RECURSION = YES;
				CLANG_WARN_INT_CONVERSION = YES;
				CLANG_WARN_NON_LITERAL_NULL_CONVERSION = YES;
				CLANG_WARN_OBJC_IMPLICIT_RETAIN_SELF = YES;
				CLANG_WARN_OBJC_LITERAL_CONVERSION = YES;
				CLANG_WARN_OBJC_ROOT_CLASS = YES_ERROR;
				CLANG_WARN_QUOTED_INCLUDE_IN_FRAMEWORK_HEADER = YES;
				CLANG_WARN_RANGE_LOOP_ANALYSIS = YES;
				CLANG_WARN_STRICT_PROTOTYPES = YES;
				CLANG_WARN_SUSPICIOUS_MOVE = YES;
				CLANG_WARN_UNGUARDED_AVAILABILITY = YES_AGGRESSIVE;
				CLANG_WARN_UNREACHABLE_CODE = YES;
				CLANG_WARN__DUPLICATE_METHOD_MATCH = YES;
				COPY_PHASE_STRIP = NO;
				DEBUG_INFORMATION_FORMAT = dwarf;
				ENABLE_STRICT_OBJC_MSGSEND = YES;
				ENABLE_TESTABILITY = YES;
				ENABLE_USER_SCRIPT_SANDBOXING = YES;
				GCC_C_LANGUAGE_STANDARD = gnu17;
				GCC_DYNAMIC_NO_PIC = NO;
				GCC_NO_COMMON_BLOCKS = YES;
				GCC_OPTIMIZATION_LEVEL = 0;
				GCC_PREPROCESSOR_DEFINITIONS = (
					"DEBUG=1",
					"$(inherited)",
				);
				GCC_WARN_64_TO_32_BIT_CONVERSION = YES;
				GCC_WARN_ABOUT_RETURN_TYPE = YES_ERROR;
				GCC_WARN_UNDECLARED_SELECTOR = YES;
				GCC_WARN_UNINITIALIZED_AUTOS = YES_AGGRESSIVE;
				GCC_WARN_UNUSED_FUNCTION = YES;
				GCC_WARN_UNUSED_VARIABLE = YES;
				IPHONEOS_DEPLOYMENT_TARGET = 17.0;
				LOCALIZATION_PREFERS_STRING_CATALOGS = YES;
				MTL_ENABLE_DEBUG_INFO = INCLUDE_SOURCE;
				MTL_FAST_MATH = YES;
				ONLY_ACTIVE_ARCH = YES;
				SDKROOT = iphoneos;
				SWIFT_ACTIVE_COMPILATION_CONDITIONS = "DEBUG $(inherited)";
				SWIFT_OPTIMIZATION_LEVEL = "-Onone";
			};
			name = Debug;
		};
		311E06FC2AFB35C200EB5FB9 /* Release */ = {
			isa = XCBuildConfiguration;
			buildSettings = {
				ALWAYS_SEARCH_USER_PATHS = NO;
				ASSETCATALOG_COMPILER_GENERATE_SWIFT_ASSET_SYMBOL_EXTENSIONS = YES;
				CLANG_ANALYZER_NONNULL = YES;
				CLANG_ANALYZER_NUMBER_OBJECT_CONVERSION = YES_AGGRESSIVE;
				CLANG_CXX_LANGUAGE_STANDARD = "gnu++20";
				CLANG_ENABLE_MODULES = YES;
				CLANG_ENABLE_OBJC_ARC = YES;
				CLANG_ENABLE_OBJC_WEAK = YES;
				CLANG_WARN_BLOCK_CAPTURE_AUTORELEASING = YES;
				CLANG_WARN_BOOL_CONVERSION = YES;
				CLANG_WARN_COMMA = YES;
				CLANG_WARN_CONSTANT_CONVERSION = YES;
				CLANG_WARN_DEPRECATED_OBJC_IMPLEMENTATIONS = YES;
				CLANG_WARN_DIRECT_OBJC_ISA_USAGE = YES_ERROR;
				CLANG_WARN_DOCUMENTATION_COMMENTS = YES;
				CLANG_WARN_EMPTY_BODY = YES;
				CLANG_WARN_ENUM_CONVERSION = YES;
				CLANG_WARN_INFINITE_RECURSION = YES;
				CLANG_WARN_INT_CONVERSION = YES;
				CLANG_WARN_NON_LITERAL_NULL_CONVERSION = YES;
				CLANG_WARN_OBJC_IMPLICIT_RETAIN_SELF = YES;
				CLANG_WARN_OBJC_LITERAL_CONVERSION = YES;
				CLANG_WARN_OBJC_ROOT_CLASS = YES_ERROR;
				CLANG_WARN_QUOTED_INCLUDE_IN_FRAMEWORK_HEADER = YES;
				CLANG_WARN_RANGE_LOOP_ANALYSIS = YES;
				CLANG_WARN_STRICT_PROTOTYPES = YES;
				CLANG_WARN_SUSPICIOUS_MOVE = YES;
				CLANG_WARN_UNGUARDED_AVAILABILITY = YES_AGGRESSIVE;
				CLANG_WARN_UNREACHABLE_CODE = YES;
				CLANG_WARN__DUPLICATE_METHOD_MATCH = YES;
				COPY_PHASE_STRIP = NO;
				DEBUG_INFORMATION_FORMAT = "dwarf-with-dsym";
				ENABLE_NS_ASSERTIONS = NO;
				ENABLE_STRICT_OBJC_MSGSEND = YES;
				ENABLE_USER_SCRIPT_SANDBOXING = YES;
				GCC_C_LANGUAGE_STANDARD = gnu17;
				GCC_NO_COMMON_BLOCKS = YES;
				GCC_WARN_64_TO_32_BIT_CONVERSION = YES;
				GCC_WARN_ABOUT_RETURN_TYPE = YES_ERROR;
				GCC_WARN_UNDECLARED_SELECTOR = YES;
				GCC_WARN_UNINITIALIZED_AUTOS = YES_AGGRESSIVE;
				GCC_WARN_UNUSED_FUNCTION = YES;
				GCC_WARN_UNUSED_VARIABLE = YES;
				IPHONEOS_DEPLOYMENT_TARGET = 17.0;
				LOCALIZATION_PREFERS_STRING_CATALOGS = YES;
				MTL_ENABLE_DEBUG_INFO = NO;
				MTL_FAST_MATH = YES;
				SDKROOT = iphoneos;
				SWIFT_COMPILATION_MODE = wholemodule;
				VALIDATE_PRODUCT = YES;
			};
			name = Release;
		};
		311E06FE2AFB35C200EB5FB9 /* Debug */ = {
			isa = XCBuildConfiguration;
			buildSettings = {
				ASSETCATALOG_COMPILER_APPICON_NAME = AppIcon;
				ASSETCATALOG_COMPILER_GLOBAL_ACCENT_COLOR_NAME = AccentColor;
				CODE_SIGN_STYLE = Automatic;
				CURRENT_PROJECT_VERSION = 1;
				DEVELOPMENT_TEAM = XJH3A7SY36;
				GENERATE_INFOPLIST_FILE = YES;
				INFOPLIST_FILE = "Walking-faster/Info.plist";
				INFOPLIST_KEY_UIApplicationSupportsIndirectInputEvents = YES;
				INFOPLIST_KEY_UILaunchStoryboardName = LaunchScreen;
				INFOPLIST_KEY_UIMainStoryboardFile = Main;
				INFOPLIST_KEY_UISupportedInterfaceOrientations_iPad = "UIInterfaceOrientationPortrait UIInterfaceOrientationPortraitUpsideDown UIInterfaceOrientationLandscapeLeft UIInterfaceOrientationLandscapeRight";
				INFOPLIST_KEY_UISupportedInterfaceOrientations_iPhone = "UIInterfaceOrientationPortrait UIInterfaceOrientationLandscapeLeft UIInterfaceOrientationLandscapeRight";
				LD_RUNPATH_SEARCH_PATHS = (
					"$(inherited)",
					"@executable_path/Frameworks",
				);
				MARKETING_VERSION = 1.0;
				PRODUCT_BUNDLE_IDENTIFIER = "FIS.Walking-faster";
				PRODUCT_NAME = "$(TARGET_NAME)";
				SWIFT_EMIT_LOC_STRINGS = YES;
				SWIFT_VERSION = 5.0;
				TARGETED_DEVICE_FAMILY = "1,2";
			};
			name = Debug;
		};
		311E06FF2AFB35C200EB5FB9 /* Release */ = {
			isa = XCBuildConfiguration;
			buildSettings = {
				ASSETCATALOG_COMPILER_APPICON_NAME = AppIcon;
				ASSETCATALOG_COMPILER_GLOBAL_ACCENT_COLOR_NAME = AccentColor;
				CODE_SIGN_STYLE = Automatic;
				CURRENT_PROJECT_VERSION = 1;
				DEVELOPMENT_TEAM = XJH3A7SY36;
				GENERATE_INFOPLIST_FILE = YES;
				INFOPLIST_FILE = "Walking-faster/Info.plist";
				INFOPLIST_KEY_UIApplicationSupportsIndirectInputEvents = YES;
				INFOPLIST_KEY_UILaunchStoryboardName = LaunchScreen;
				INFOPLIST_KEY_UIMainStoryboardFile = Main;
				INFOPLIST_KEY_UISupportedInterfaceOrientations_iPad = "UIInterfaceOrientationPortrait UIInterfaceOrientationPortraitUpsideDown UIInterfaceOrientationLandscapeLeft UIInterfaceOrientationLandscapeRight";
				INFOPLIST_KEY_UISupportedInterfaceOrientations_iPhone = "UIInterfaceOrientationPortrait UIInterfaceOrientationLandscapeLeft UIInterfaceOrientationLandscapeRight";
				LD_RUNPATH_SEARCH_PATHS = (
					"$(inherited)",
					"@executable_path/Frameworks",
				);
				MARKETING_VERSION = 1.0;
				PRODUCT_BUNDLE_IDENTIFIER = "FIS.Walking-faster";
				PRODUCT_NAME = "$(TARGET_NAME)";
				SWIFT_EMIT_LOC_STRINGS = YES;
				SWIFT_VERSION = 5.0;
				TARGETED_DEVICE_FAMILY = "1,2";
			};
			name = Release;
		};
		311E07012AFB35C200EB5FB9 /* Debug */ = {
			isa = XCBuildConfiguration;
			buildSettings = {
				ALWAYS_EMBED_SWIFT_STANDARD_LIBRARIES = YES;
				BUNDLE_LOADER = "$(TEST_HOST)";
				CODE_SIGN_STYLE = Automatic;
				CURRENT_PROJECT_VERSION = 1;
				DEVELOPMENT_TEAM = XJH3A7SY36;
				GENERATE_INFOPLIST_FILE = YES;
				IPHONEOS_DEPLOYMENT_TARGET = 17.0;
				MARKETING_VERSION = 1.0;
				PRODUCT_BUNDLE_IDENTIFIER = "FIS.Walking-fasterTests";
				PRODUCT_NAME = "$(TARGET_NAME)";
				SWIFT_EMIT_LOC_STRINGS = NO;
				SWIFT_VERSION = 5.0;
				TARGETED_DEVICE_FAMILY = "1,2";
				TEST_HOST = "$(BUILT_PRODUCTS_DIR)/Walking-faster.app/$(BUNDLE_EXECUTABLE_FOLDER_PATH)/Walking-faster";
			};
			name = Debug;
		};
		311E07022AFB35C200EB5FB9 /* Release */ = {
			isa = XCBuildConfiguration;
			buildSettings = {
				ALWAYS_EMBED_SWIFT_STANDARD_LIBRARIES = YES;
				BUNDLE_LOADER = "$(TEST_HOST)";
				CODE_SIGN_STYLE = Automatic;
				CURRENT_PROJECT_VERSION = 1;
				DEVELOPMENT_TEAM = XJH3A7SY36;
				GENERATE_INFOPLIST_FILE = YES;
				IPHONEOS_DEPLOYMENT_TARGET = 17.0;
				MARKETING_VERSION = 1.0;
				PRODUCT_BUNDLE_IDENTIFIER = "FIS.Walking-fasterTests";
				PRODUCT_NAME = "$(TARGET_NAME)";
				SWIFT_EMIT_LOC_STRINGS = NO;
				SWIFT_VERSION = 5.0;
				TARGETED_DEVICE_FAMILY = "1,2";
				TEST_HOST = "$(BUILT_PRODUCTS_DIR)/Walking-faster.app/$(BUNDLE_EXECUTABLE_FOLDER_PATH)/Walking-faster";
			};
			name = Release;
		};
		311E07042AFB35C200EB5FB9 /* Debug */ = {
			isa = XCBuildConfiguration;
			buildSettings = {
				ALWAYS_EMBED_SWIFT_STANDARD_LIBRARIES = YES;
				CODE_SIGN_STYLE = Automatic;
				CURRENT_PROJECT_VERSION = 1;
				DEVELOPMENT_TEAM = XJH3A7SY36;
				GENERATE_INFOPLIST_FILE = YES;
				MARKETING_VERSION = 1.0;
				PRODUCT_BUNDLE_IDENTIFIER = "FIS.Walking-fasterUITests";
				PRODUCT_NAME = "$(TARGET_NAME)";
				SWIFT_EMIT_LOC_STRINGS = NO;
				SWIFT_VERSION = 5.0;
				TARGETED_DEVICE_FAMILY = "1,2";
				TEST_TARGET_NAME = "Walking-faster";
			};
			name = Debug;
		};
		311E07052AFB35C200EB5FB9 /* Release */ = {
			isa = XCBuildConfiguration;
			buildSettings = {
				ALWAYS_EMBED_SWIFT_STANDARD_LIBRARIES = YES;
				CODE_SIGN_STYLE = Automatic;
				CURRENT_PROJECT_VERSION = 1;
				DEVELOPMENT_TEAM = XJH3A7SY36;
				GENERATE_INFOPLIST_FILE = YES;
				MARKETING_VERSION = 1.0;
				PRODUCT_BUNDLE_IDENTIFIER = "FIS.Walking-fasterUITests";
				PRODUCT_NAME = "$(TARGET_NAME)";
				SWIFT_EMIT_LOC_STRINGS = NO;
				SWIFT_VERSION = 5.0;
				TARGETED_DEVICE_FAMILY = "1,2";
				TEST_TARGET_NAME = "Walking-faster";
			};
			name = Release;
		};
/* End XCBuildConfiguration section */

/* Begin XCConfigurationList section */
		311E06CE2AFB35BF00EB5FB9 /* Build configuration list for PBXProject "Walking-faster" */ = {
			isa = XCConfigurationList;
			buildConfigurations = (
				311E06FB2AFB35C200EB5FB9 /* Debug */,
				311E06FC2AFB35C200EB5FB9 /* Release */,
			);
			defaultConfigurationIsVisible = 0;
			defaultConfigurationName = Release;
		};
		311E06FD2AFB35C200EB5FB9 /* Build configuration list for PBXNativeTarget "Walking-faster" */ = {
			isa = XCConfigurationList;
			buildConfigurations = (
				311E06FE2AFB35C200EB5FB9 /* Debug */,
				311E06FF2AFB35C200EB5FB9 /* Release */,
			);
			defaultConfigurationIsVisible = 0;
			defaultConfigurationName = Release;
		};
		311E07002AFB35C200EB5FB9 /* Build configuration list for PBXNativeTarget "Walking-fasterTests" */ = {
			isa = XCConfigurationList;
			buildConfigurations = (
				311E07012AFB35C200EB5FB9 /* Debug */,
				311E07022AFB35C200EB5FB9 /* Release */,
			);
			defaultConfigurationIsVisible = 0;
			defaultConfigurationName = Release;
		};
		311E07032AFB35C200EB5FB9 /* Build configuration list for PBXNativeTarget "Walking-fasterUITests" */ = {
			isa = XCConfigurationList;
			buildConfigurations = (
				311E07042AFB35C200EB5FB9 /* Debug */,
				311E07052AFB35C200EB5FB9 /* Release */,
			);
			defaultConfigurationIsVisible = 0;
			defaultConfigurationName = Release;
		};
/* End XCConfigurationList section */
	};
	rootObject = 311E06CB2AFB35BF00EB5FB9 /* Project object */;
}
